
Microsoft Visual Studio Solution File, Format Version 12.00
# Visual Studio Version 17
VisualStudioVersion = 17.0.31903.59
MinimumVisualStudioVersion = 10.0.40219.1
Project("{8BC9CEB8-8B4A-11D0-8D11-00A0C91BC942}") = "Wuya", "Wuya\Wuya.vcxproj", "{7CBC61B8-69DA-464F-BFA9-F47A7E38EF07}"
EndProject
Global
	GlobalSection(SolutionConfigurationPlatforms) = preSolution
		Debug|x64 = Debug|x64
		Debug|x86 = Debug|x86
		Release|x64 = Release|x64
		Release|x86 = Release|x86
	EndGlobalSection
	GlobalSection(ProjectConfigurationPlatforms) = postSolution
		{7CBC61B8-69DA-464F-BFA9-F47A7E38EF07}.Debug|x64.ActiveCfg = Debug|x64
		{7CBC61B8-69DA-464F-BFA9-F47A7E38EF07}.Debug|x64.Build.0 = Debug|x64
		{7CBC61B8-69DA-464F-BFA9-F47A7E38EF07}.Debug|x86.ActiveCfg = Debug|Win32
		{7CBC61B8-69DA-464F-BFA9-F47A7E38EF07}.Debug|x86.Build.0 = Debug|Win32
		{7CBC61B8-69DA-464F-BFA9-F47A7E38EF07}.Release|x64.ActiveCfg = Release|x64
		{7CBC61B8-69DA-464F-BFA9-F47A7E38EF07}.Release|x64.Build.0 = Release|x64
		{7CBC61B8-69DA-464F-BFA9-F47A7E38EF07}.Release|x86.ActiveCfg = Release|Win32
		{7CBC61B8-69DA-464F-BFA9-F47A7E38EF07}.Release|x86.Build.0 = Release|Win32
	EndGlobalSection
	GlobalSection(SolutionProperties) = preSolution
		HideSolutionNode = FALSE
	EndGlobalSection
	GlobalSection(ExtensibilityGlobals) = postSolution
		SolutionGuid = {5BB3E713-C423-43E4-BE55-54F62DC7166E}
	EndGlobalSection
EndGlobal
